
Microsoft Visual Studio Solution File, Format Version 12.00
# Visual Studio Version 17
VisualStudioVersion = 17.0.31903.59
MinimumVisualStudioVersion = 10.0.40219.1
Project("{FAE04EC0-301F-11D3-BF4B-00C04F79EFBC}") = "HideoutCat", "HideoutCat\HideoutCat.csproj", "{BA00392C-F021-418A-9B1C-D73D067451F9}"
EndProject
Project("{FAE04EC0-301F-11D3-BF4B-00C04F79EFBC}") = "AssetBundleLoader", "AssetBundleLoader\AssetBundleLoader.csproj", "{7ADD55F1-1A7E-438B-9567-19330AA34A6D}"
EndProject
Global
	GlobalSection(SolutionConfigurationPlatforms) = preSolution
		Debug|Any CPU = Debug|Any CPU
		Release|Any CPU = Release|Any CPU
	EndGlobalSection
	GlobalSection(ProjectConfigurationPlatforms) = postSolution
		{BA00392C-F021-418A-9B1C-D73D067451F9}.Debug|Any CPU.ActiveCfg = Debug|Any CPU
		{BA00392C-F021-418A-9B1C-D73D067451F9}.Debug|Any CPU.Build.0 = Debug|Any CPU
		{BA00392C-F021-418A-9B1C-D73D067451F9}.Release|Any CPU.ActiveCfg = Release|Any CPU
		{BA00392C-F021-418A-9B1C-D73D067451F9}.Release|Any CPU.Build.0 = Release|Any CPU
		{7ADD55F1-1A7E-438B-9567-19330AA34A6D}.Debug|Any CPU.ActiveCfg = Debug|Any CPU
		{7ADD55F1-1A7E-438B-9567-19330AA34A6D}.Debug|Any CPU.Build.0 = Debug|Any CPU
		{7ADD55F1-1A7E-438B-9567-19330AA34A6D}.Release|Any CPU.ActiveCfg = Release|Any CPU
		{7ADD55F1-1A7E-438B-9567-19330AA34A6D}.Release|Any CPU.Build.0 = Release|Any CPU
	EndGlobalSection
	GlobalSection(SolutionProperties) = preSolution
		HideSolutionNode = FALSE
	EndGlobalSection
EndGlobal
